{
	"name": "@jsxtools/dom.root",
	"lockfileVersion": 2,
	"requires": true,
	"packages": {
		"": {
			"name": "@jsxtools/dom.root",
			"workspaces": [
				"lib",
				"test-ts4",
				"test-ts5"
			],
			"devDependencies": {
				"typescript": "5.0.0-beta"
			}
		},
		"lib": {
			"name": "@jsxtools/dom",
			"version": "2.0.0",
			"license": "CC0-1.0"
		},
		"node_modules/@jsxtools/dom": {
			"resolved": "lib",
			"link": true
		},
		"node_modules/@jsxtools/dom.test.ts4": {
			"resolved": "test-ts4",
			"link": true
		},
		"node_modules/@jsxtools/dom.test.ts5": {
			"resolved": "test-ts5",
			"link": true
		},
		"node_modules/typescript": {
			"version": "5.0.0-beta",
			"resolved": "https://registry.npmjs.org/typescript/-/typescript-5.0.0-beta.tgz",
			"integrity": "sha512-+SSabbSXG5mtF+QGdV9uXXt9Saq1cSyI6hSG7znhaLoquleJpnmfkwSxFngK9c2fWWi1W/263TuzXQOsIcdjjA==",
			"dev": true,
			"bin": {
				"tsc": "bin/tsc",
				"tsserver": "bin/tsserver"
			},
			"engines": {
				"node": ">=4.2.0"
			}
		},
		"test-ts4": {
			"name": "@jsxtools/dom.test.ts4",
			"devDependencies": {
				"@jsxtools/dom": "*",
				"typescript": "4.9.5"
			}
		},
		"test-ts4/node_modules/typescript": {
			"version": "4.9.5",
			"resolved": "https://registry.npmjs.org/typescript/-/typescript-4.9.5.tgz",
			"integrity": "sha512-1FXk9E2Hm+QzZQ7z+McJiHL4NW1F2EzMu9Nq9i3zAaGqibafqYwCVU6WyWAuyQRRzOlxou8xZSyXLEN8oKj24g==",
			"dev": true,
			"bin": {
				"tsc": "bin/tsc",
				"tsserver": "bin/tsserver"
			},
			"engines": {
				"node": ">=4.2.0"
			}
		},
		"test-ts5": {
			"name": "@jsxtools/dom.test.ts5",
			"devDependencies": {
				"@jsxtools/dom": "*",
				"typescript": "5.0.0-beta"
			}
		}
	},
	"dependencies": {
		"@jsxtools/dom": {
			"version": "file:lib"
		},
		"@jsxtools/dom.test.ts4": {
			"version": "file:test-ts4",
			"requires": {
				"@jsxtools/dom": "*",
				"typescript": "4.9.5"
			},
			"dependencies": {
				"typescript": {
					"version": "4.9.5",
					"resolved": "https://registry.npmjs.org/typescript/-/typescript-4.9.5.tgz",
					"integrity": "sha512-1FXk9E2Hm+QzZQ7z+McJiHL4NW1F2EzMu9Nq9i3zAaGqibafqYwCVU6WyWAuyQRRzOlxou8xZSyXLEN8oKj24g==",
					"dev": true
				}
			}
		},
		"@jsxtools/dom.test.ts5": {
			"version": "file:test-ts5",
			"requires": {
				"@jsxtools/dom": "*",
				"typescript": "5.0.0-beta"
			}
		},
		"typescript": {
			"version": "5.0.0-beta",
			"resolved": "https://registry.npmjs.org/typescript/-/typescript-5.0.0-beta.tgz",
			"integrity": "sha512-+SSabbSXG5mtF+QGdV9uXXt9Saq1cSyI6hSG7znhaLoquleJpnmfkwSxFngK9c2fWWi1W/263TuzXQOsIcdjjA==",
			"dev": true
		}
	}
}
